
Microsoft Visual Studio Solution File, Format Version 12.00
# Visual Studio Version 16
VisualStudioVersion = 16.0.31005.135
MinimumVisualStudioVersion = 10.0.40219.1
Project("{8BC9CEB8-8B4A-11D0-8D11-00A0C91BC942}") = "Host", "Host\Host.vcxproj", "{EBD6EECD-7892-4886-9FD8-14EECB891826}"
EndProject
Project("{FAE04EC0-301F-11D3-BF4B-00C04F79EFBC}") = "Lib", "Lib\Lib.csproj", "{70E8D25D-F32A-46F2-9885-39490E905747}"
EndProject
Global
	GlobalSection(SolutionConfigurationPlatforms) = preSolution
		Debug|Any CPU = Debug|Any CPU
		Debug|x64 = Debug|x64
		Debug|x86 = Debug|x86
		Release|Any CPU = Release|Any CPU
		Release|x64 = Release|x64
		Release|x86 = Release|x86
	EndGlobalSection
	GlobalSection(ProjectConfigurationPlatforms) = postSolution
		{EBD6EECD-7892-4886-9FD8-14EECB891826}.Debug|Any CPU.ActiveCfg = Debug|Win32
		{EBD6EECD-7892-4886-9FD8-14EECB891826}.Debug|x64.ActiveCfg = Debug|x64
		{EBD6EECD-7892-4886-9FD8-14EECB891826}.Debug|x64.Build.0 = Debug|x64
		{EBD6EECD-7892-4886-9FD8-14EECB891826}.Debug|x86.ActiveCfg = Debug|Win32
		{EBD6EECD-7892-4886-9FD8-14EECB891826}.Debug|x86.Build.0 = Debug|Win32
		{EBD6EECD-7892-4886-9FD8-14EECB891826}.Release|Any CPU.ActiveCfg = Release|Win32
		{EBD6EECD-7892-4886-9FD8-14EECB891826}.Release|x64.ActiveCfg = Release|x64
		{EBD6EECD-7892-4886-9FD8-14EECB891826}.Release|x64.Build.0 = Release|x64
		{EBD6EECD-7892-4886-9FD8-14EECB891826}.Release|x86.ActiveCfg = Release|Win32
		{EBD6EECD-7892-4886-9FD8-14EECB891826}.Release|x86.Build.0 = Release|Win32
		{70E8D25D-F32A-46F2-9885-39490E905747}.Debug|Any CPU.ActiveCfg = Debug|Any CPU
		{70E8D25D-F32A-46F2-9885-39490E905747}.Debug|Any CPU.Build.0 = Debug|Any CPU
		{70E8D25D-F32A-46F2-9885-39490E905747}.Debug|x64.ActiveCfg = Debug|Any CPU
		{70E8D25D-F32A-46F2-9885-39490E905747}.Debug|x64.Build.0 = Debug|Any CPU
		{70E8D25D-F32A-46F2-9885-39490E905747}.Debug|x86.ActiveCfg = Debug|Any CPU
		{70E8D25D-F32A-46F2-9885-39490E905747}.Debug|x86.Build.0 = Debug|Any CPU
		{70E8D25D-F32A-46F2-9885-39490E905747}.Release|Any CPU.ActiveCfg = Release|Any CPU
		{70E8D25D-F32A-46F2-9885-39490E905747}.Release|Any CPU.Build.0 = Release|Any CPU
		{70E8D25D-F32A-46F2-9885-39490E905747}.Release|x64.ActiveCfg = Release|Any CPU
		{70E8D25D-F32A-46F2-9885-39490E905747}.Release|x64.Build.0 = Release|Any CPU
		{70E8D25D-F32A-46F2-9885-39490E905747}.Release|x86.ActiveCfg = Release|Any CPU
		{70E8D25D-F32A-46F2-9885-39490E905747}.Release|x86.Build.0 = Release|Any CPU
	EndGlobalSection
	GlobalSection(SolutionProperties) = preSolution
		HideSolutionNode = FALSE
	EndGlobalSection
	GlobalSection(ExtensibilityGlobals) = postSolution
		SolutionGuid = {E4C03C14-A5AB-4C20-B701-23C080642B76}
	EndGlobalSection
EndGlobal
